{
  "nodes": {
    "crane": {
      "locked": {
        "lastModified": 1736019971,
        "narHash": "sha256-5srMnmQWUtPzGItlGSu7q9mEP/KUFS7aCn3AouIcwU8=",
        "owner": "ipetkov",
        "repo": "crane",
        "rev": "b6f6fdacc53c067c18b4b9dde21f50f3b36d899e",
        "type": "github"
      },
      "original": {
        "owner": "ipetkov",
        "repo": "crane",
        "type": "github"
      }
    },
    "nixpkgs": {
      "locked": {
        "lastModified": 0,
        "narHash": "sha256-0q9NGQySwDQc7RhAV2ukfnu7Gxa5/ybJ2ANT8DQrQrs=",
        "path": "/nix/store/8vz84mqgnm1gz5yk7hgnnb5gir5hjxas-source",
        "type": "path"
      },
      "original": {
        "id": "nixpkgs",
        "type": "indirect"
      }
    },
    "root": {
      "inputs": {
        "crane": "crane",
        "nixpkgs": "nixpkgs"
      }
    }
  },
  "root": "root",
  "version": 7
}
